
Microsoft Visual Studio Solution File, Format Version 12.00
# Visual Studio Version 17
VisualStudioVersion = 17.9.34728.123
MinimumVisualStudioVersion = 10.0.40219.1
Project("{FAE04EC0-301F-11D3-BF4B-00C04F79EFBC}") = "rf-log-api", "rf-log-api\rf-log-api.csproj", "{BCC6B71E-CE7B-45D3-86CA-E51A091729E4}"
EndProject
Global
	GlobalSection(SolutionConfigurationPlatforms) = preSolution
		Debug|Any CPU = Debug|Any CPU
		Release|Any CPU = Release|Any CPU
	EndGlobalSection
	GlobalSection(ProjectConfigurationPlatforms) = postSolution
		{BCC6B71E-CE7B-45D3-86CA-E51A091729E4}.Debug|Any CPU.ActiveCfg = Debug|Any CPU
		{BCC6B71E-CE7B-45D3-86CA-E51A091729E4}.Debug|Any CPU.Build.0 = Debug|Any CPU
		{BCC6B71E-CE7B-45D3-86CA-E51A091729E4}.Release|Any CPU.ActiveCfg = Release|Any CPU
		{BCC6B71E-CE7B-45D3-86CA-E51A091729E4}.Release|Any CPU.Build.0 = Release|Any CPU
	EndGlobalSection
	GlobalSection(SolutionProperties) = preSolution
		HideSolutionNode = FALSE
	EndGlobalSection
	GlobalSection(ExtensibilityGlobals) = postSolution
		SolutionGuid = {E15BD27E-3F75-493D-9DDA-56FA3EF2D3EC}
	EndGlobalSection
EndGlobal
